
Microsoft Visual Studio Solution File, Format Version 12.00
# Visual Studio Version 16
VisualStudioVersion = 16.0.30517.126
MinimumVisualStudioVersion = 10.0.40219.1
Project("{FAE04EC0-301F-11D3-BF4B-00C04F79EFBC}") = "AdventOfCode-2019-Csharp", "AdventOfCode-2019-Csharp\AdventOfCode-2019-Csharp.csproj", "{D613AD59-65F1-40E3-B14A-38597399E3A9}"
EndProject
Global
	GlobalSection(SolutionConfigurationPlatforms) = preSolution
		Debug|Any CPU = Debug|Any CPU
		Release|Any CPU = Release|Any CPU
	EndGlobalSection
	GlobalSection(ProjectConfigurationPlatforms) = postSolution
		{D613AD59-65F1-40E3-B14A-38597399E3A9}.Debug|Any CPU.ActiveCfg = Debug|Any CPU
		{D613AD59-65F1-40E3-B14A-38597399E3A9}.Debug|Any CPU.Build.0 = Debug|Any CPU
		{D613AD59-65F1-40E3-B14A-38597399E3A9}.Release|Any CPU.ActiveCfg = Release|Any CPU
		{D613AD59-65F1-40E3-B14A-38597399E3A9}.Release|Any CPU.Build.0 = Release|Any CPU
	EndGlobalSection
	GlobalSection(SolutionProperties) = preSolution
		HideSolutionNode = FALSE
	EndGlobalSection
	GlobalSection(ExtensibilityGlobals) = postSolution
		SolutionGuid = {D1BFFCEC-0CC7-4173-8393-E0B2B751E345}
	EndGlobalSection
EndGlobal
